
Microsoft Visual Studio Solution File, Format Version 12.00
# Visual Studio Version 17
VisualStudioVersion = 17.0.32126.317
MinimumVisualStudioVersion = 10.0.40219.1
Project("{9A19103F-16F7-4668-BE54-9A1E7A4F7556}") = "GMapsTests", "GMaps_Tests\GMapsTests.csproj", "{9463FB76-56DF-4184-92F9-E1A90A8B6637}"
EndProject
Global
	GlobalSection(SolutionConfigurationPlatforms) = preSolution
		Debug|Any CPU = Debug|Any CPU
		Release|Any CPU = Release|Any CPU
	EndGlobalSection
	GlobalSection(ProjectConfigurationPlatforms) = postSolution
		{9463FB76-56DF-4184-92F9-E1A90A8B6637}.Debug|Any CPU.ActiveCfg = Debug|Any CPU
		{9463FB76-56DF-4184-92F9-E1A90A8B6637}.Debug|Any CPU.Build.0 = Debug|Any CPU
		{9463FB76-56DF-4184-92F9-E1A90A8B6637}.Release|Any CPU.ActiveCfg = Release|Any CPU
		{9463FB76-56DF-4184-92F9-E1A90A8B6637}.Release|Any CPU.Build.0 = Release|Any CPU
	EndGlobalSection
	GlobalSection(SolutionProperties) = preSolution
		HideSolutionNode = FALSE
	EndGlobalSection
	GlobalSection(ExtensibilityGlobals) = postSolution
		SolutionGuid = {78D00E86-1F33-4892-AF59-722BDB428389}
	EndGlobalSection
EndGlobal
